
Microsoft Visual Studio Solution File, Format Version 12.00
# Visual Studio Version 17
VisualStudioVersion = 17.2.32505.173
MinimumVisualStudioVersion = 10.0.40219.1
Project("{9A19103F-16F7-4668-BE54-9A1E7A4F7556}") = "DesafioInoa", "DesafioInoa\DesafioInoa.csproj", "{728FA3D4-CF3F-4710-8DF1-27ED9B5CAE6C}"
EndProject
Global
	GlobalSection(SolutionConfigurationPlatforms) = preSolution
		Debug|Any CPU = Debug|Any CPU
		Release|Any CPU = Release|Any CPU
	EndGlobalSection
	GlobalSection(ProjectConfigurationPlatforms) = postSolution
		{728FA3D4-CF3F-4710-8DF1-27ED9B5CAE6C}.Debug|Any CPU.ActiveCfg = Debug|Any CPU
		{728FA3D4-CF3F-4710-8DF1-27ED9B5CAE6C}.Debug|Any CPU.Build.0 = Debug|Any CPU
		{728FA3D4-CF3F-4710-8DF1-27ED9B5CAE6C}.Release|Any CPU.ActiveCfg = Release|Any CPU
		{728FA3D4-CF3F-4710-8DF1-27ED9B5CAE6C}.Release|Any CPU.Build.0 = Release|Any CPU
	EndGlobalSection
	GlobalSection(SolutionProperties) = preSolution
		HideSolutionNode = FALSE
	EndGlobalSection
	GlobalSection(ExtensibilityGlobals) = postSolution
		SolutionGuid = {2DEDE86B-7534-4886-8077-19D24F5D808D}
	EndGlobalSection
EndGlobal
